
Microsoft Visual Studio Solution File, Format Version 12.00
# Visual Studio 2013
VisualStudioVersion = 12.0.21005.1
MinimumVisualStudioVersion = 10.0.40219.1
Project("{8BC9CEB8-8B4A-11D0-8D11-00A0C91BC942}") = "HW7_a", "HW7_a\HW7_a.vcxproj", "{F968B808-B632-45C0-BE6D-E27A6E1CAF35}"
EndProject
Global
	GlobalSection(SolutionConfigurationPlatforms) = preSolution
		Debug|Win32 = Debug|Win32
		Release|Win32 = Release|Win32
	EndGlobalSection
	GlobalSection(ProjectConfigurationPlatforms) = postSolution
		{F968B808-B632-45C0-BE6D-E27A6E1CAF35}.Debug|Win32.ActiveCfg = Debug|Win32
		{F968B808-B632-45C0-BE6D-E27A6E1CAF35}.Debug|Win32.Build.0 = Debug|Win32
		{F968B808-B632-45C0-BE6D-E27A6E1CAF35}.Release|Win32.ActiveCfg = Release|Win32
		{F968B808-B632-45C0-BE6D-E27A6E1CAF35}.Release|Win32.Build.0 = Release|Win32
	EndGlobalSection
	GlobalSection(SolutionProperties) = preSolution
		HideSolutionNode = FALSE
	EndGlobalSection
EndGlobal
