
Microsoft Visual Studio Solution File, Format Version 12.00
# Visual Studio 2013
VisualStudioVersion = 12.0.21005.1
MinimumVisualStudioVersion = 10.0.40219.1
Project("{8BC9CEB8-8B4A-11D0-8D11-00A0C91BC942}") = "Task150353", "Task150353\Task150353.vcxproj", "{C43685DA-2D53-4620-BBF9-A22B9DA14242}"
EndProject
Global
	GlobalSection(SolutionConfigurationPlatforms) = preSolution
		Debug|Win32 = Debug|Win32
		Release|Win32 = Release|Win32
	EndGlobalSection
	GlobalSection(ProjectConfigurationPlatforms) = postSolution
		{C43685DA-2D53-4620-BBF9-A22B9DA14242}.Debug|Win32.ActiveCfg = Debug|Win32
		{C43685DA-2D53-4620-BBF9-A22B9DA14242}.Debug|Win32.Build.0 = Debug|Win32
		{C43685DA-2D53-4620-BBF9-A22B9DA14242}.Release|Win32.ActiveCfg = Release|Win32
		{C43685DA-2D53-4620-BBF9-A22B9DA14242}.Release|Win32.Build.0 = Release|Win32
	EndGlobalSection
	GlobalSection(SolutionProperties) = preSolution
		HideSolutionNode = FALSE
	EndGlobalSection
EndGlobal
